
Microsoft Visual Studio Solution File, Format Version 12.00
# Visual Studio 2012
Project("{FAE04EC0-301F-11D3-BF4B-00C04F79EFBC}") = "Salaros.Config.Ini", "Salaros.Config.Ini.csproj", "{B835EC8E-1BD4-4B41-A01B-E5C80B4F51C0}"
EndProject
Global
	GlobalSection(SolutionConfigurationPlatforms) = preSolution
		Debug|x86 = Debug|x86
		Release|x86 = Release|x86
	EndGlobalSection
	GlobalSection(ProjectConfigurationPlatforms) = postSolution
		{B835EC8E-1BD4-4B41-A01B-E5C80B4F51C0}.Debug|x86.ActiveCfg = Debug|x86
		{B835EC8E-1BD4-4B41-A01B-E5C80B4F51C0}.Debug|x86.Build.0 = Debug|x86
		{B835EC8E-1BD4-4B41-A01B-E5C80B4F51C0}.Release|x86.ActiveCfg = Release|x86
		{B835EC8E-1BD4-4B41-A01B-E5C80B4F51C0}.Release|x86.Build.0 = Release|x86
	EndGlobalSection
EndGlobal
